{
  "name": "sexylexy",
  "version": "2.0.2",
  "lockfileVersion": 1,
  "requires": true,
  "dependencies": {
    "@sisyphus/sisyphus": {
      "version": "0.0.3",
      "resolved": "https://registry.npmjs.org/@sisyphus/sisyphus/-/sisyphus-0.0.3.tgz",
      "integrity": "sha512-DvRKZx7xU1ysOTvl/xxW0yTWjIQPJr0PYABTJJGZILfmfp0dUAZ5AqKdAVBsSMpwDvgyJKvU/xQaqf2BZdCqfg==",
      "dev": true
    },
    "rollup": {
      "version": "0.53.4",
      "resolved": "https://registry.npmjs.org/rollup/-/rollup-0.53.4.tgz",
      "integrity": "sha512-ErW5cFw5KY/qiyUlPDJ7iBhw51Iro/oyvxETupO85bMg5T7MLlFj3lEDzwjLTOxJAyzWQanUYj/LZHm6aLLm5w==",
      "dev": true
    }
  }
}
